# This file was autogenerated by Stack.
# You should not edit this file by hand.
# For more information, please see the documentation at:
#   https://docs.haskellstack.org/en/stable/topics/lock_files

packages: []
snapshots:
- completed:
    sha256: 18783f9dec03aae936ea81a303c1276b273b57e3491059eae261164b9df9cb0f
    size: 654473
    url: https://raw.githubusercontent.com/commercialhaskell/stackage-snapshots/master/nightly/2025/2/17.yaml
  original: nightly-2025-02-17
